<?xml version="1.0" encoding="utf-8"?>
<Project ToolsVersion="4.0" xmlns="http://schemas.microsoft.com/developer/msbuild/2003">
  <ItemGroup>
    <Filter Include="Resource Files">
      <UniqueIdentifier>{1a913106-0be0-4476-b0ce-2aa855072614}</UniqueIdentifier>
      <Extensions>ico;cur;bmp;dlg;rc2;rct;bin;cnt;rtf;gif;jpg;jpeg;jpe</Extensions>
    </Filter>
    <Filter Include="MFC">
      <UniqueIdentifier>{da904ee8-7f59-4a6c-b3ff-b91b6fb6d0ea}</UniqueIdentifier>
    </Filter>
    <Filter Include="GameLibrary">
      <UniqueIdentifier>{df7aa532-3fdf-46a0-b3fc-8f5922e8d9e4}</UniqueIdentifier>
    </Filter>
    <Filter Include="MyGame">
      <UniqueIdentifier>{0c798913-b7d2-4e26-8241-0f83266cd626}</UniqueIdentifier>
    </Filter>
  </ItemGroup>
  <ItemGroup>
    <None Include="Res\ball.bmp">
      <Filter>Resource Files</Filter>
    </None>
    <None Include="RES\bmp0.bmp">
      <Filter>Resource Files</Filter>
    </None>
    <None Include="RES\bmp1.bmp">
      <Filter>Resource Files</Filter>
    </None>
    <None Include="RES\bmp10.bmp">
      <Filter>Resource Files</Filter>
    </None>
    <None Include="RES\bmp2.bmp">
      <Filter>Resource Files</Filter>
    </None>
    <None Include="RES\bmp3.bmp">
      <Filter>Resource Files</Filter>
    </None>
    <None Include="RES\bmp4.bmp">
      <Filter>Resource Files</Filter>
    </None>
    <None Include="RES\bmp5.bmp">
      <Filter>Resource Files</Filter>
    </None>
    <None Include="RES\bmp6.bmp">
      <Filter>Resource Files</Filter>
    </None>
    <None Include="RES\bmp7.bmp">
      <Filter>Resource Files</Filter>
    </None>
    <None Include="RES\bmp8.bmp">
      <Filter>Resource Files</Filter>
    </None>
    <None Include="RES\bmp9.bmp">
      <Filter>Resource Files</Filter>
    </None>
    <None Include="RES\center.bmp">
      <Filter>Resource Files</Filter>
    </None>
    <None Include="RES\continue.bmp">
      <Filter>Resource Files</Filter>
    </None>
    <None Include="Res\corner.bmp">
      <Filter>Resource Files</Filter>
    </None>
    <None Include="RES\eraser1.bmp">
      <Filter>Resource Files</Filter>
    </None>
    <None Include="RES\eraser2.bmp">
      <Filter>Resource Files</Filter>
    </None>
    <None Include="RES\eraser3.bmp">
      <Filter>Resource Files</Filter>
    </None>
    <None Include="res\game.ico">
      <Filter>Resource Files</Filter>
    </None>
    <None Include="res\game.rc2">
      <Filter>Resource Files</Filter>
    </None>
    <None Include="RES\gamecurs.cur">
      <Filter>Resource Files</Filter>
    </None>
    <None Include="res\gameDoc.ico">
      <Filter>Resource Files</Filter>
    </None>
    <None Include="RES\help.bmp">
      <Filter>Resource Files</Filter>
    </None>
    <None Include="RES\loading.bmp">
      <Filter>Resource Files</Filter>
    </None>
    <None Include="RES\ntutcsie.bmp">
      <Filter>Resource Files</Filter>
    </None>
    <None Include="res\Toolbar.bmp">
      <Filter>Resource Files</Filter>
    </None>
  </ItemGroup>
  <ItemGroup>
    <ClCompile Include="Source\audio.cpp">
      <Filter>GameLibrary</Filter>
    </ClCompile>
    <ClCompile Include="Source\game.cpp">
      <Filter>MFC</Filter>
    </ClCompile>
    <ClCompile Include="Source\gameDoc.cpp">
      <Filter>MFC</Filter>
    </ClCompile>
    <ClCompile Include="Source\gamelib.cpp">
      <Filter>GameLibrary</Filter>
    </ClCompile>
    <ClCompile Include="Source\gameView.cpp">
      <Filter>MFC</Filter>
    </ClCompile>
    <ClCompile Include="Source\MainFrm.cpp">
      <Filter>MFC</Filter>
    </ClCompile>
    <ClCompile Include="Source\StdAfx.cpp">
      <Filter>MFC</Filter>
    </ClCompile>
    <ClCompile Include="Source\mygame.cpp">
      <Filter>MyGame</Filter>
    </ClCompile>
    <ClCompile Include="Source\Anthony.cpp">
      <Filter>MyGame</Filter>
    </ClCompile>
    <ClCompile Include="Source\Bat.cpp">
      <Filter>MyGame</Filter>
    </ClCompile>
    <ClCompile Include="Source\Whip.cpp">
      <Filter>MyGame</Filter>
    </ClCompile>
    <ClCompile Include="Source\Timer.cpp">
      <Filter>MyGame</Filter>
    </ClCompile>
    <ClCompile Include="Source\ExpBar.cpp">
      <Filter>MyGame</Filter>
    </ClCompile>
  </ItemGroup>
  <ItemGroup>
    <ClInclude Include="Source\audio.h">
      <Filter>GameLibrary</Filter>
    </ClInclude>
    <ClInclude Include="Source\game.h">
      <Filter>MFC</Filter>
    </ClInclude>
    <ClInclude Include="Source\gameDoc.h">
      <Filter>MFC</Filter>
    </ClInclude>
    <ClInclude Include="Source\gamelib.h">
      <Filter>GameLibrary</Filter>
    </ClInclude>
    <ClInclude Include="Source\gameView.h">
      <Filter>MFC</Filter>
    </ClInclude>
    <ClInclude Include="Source\MainFrm.h">
      <Filter>MFC</Filter>
    </ClInclude>
    <ClInclude Include="Source\Resource.h">
      <Filter>MFC</Filter>
    </ClInclude>
    <ClInclude Include="Source\StdAfx.h">
      <Filter>MFC</Filter>
    </ClInclude>
    <ClInclude Include="Source\mygame.h">
      <Filter>MyGame</Filter>
    </ClInclude>
    <ClInclude Include="Source\Anthony.h">
      <Filter>MyGame</Filter>
    </ClInclude>
    <ClInclude Include="Source\Bat.h">
      <Filter>MyGame</Filter>
    </ClInclude>
    <ClInclude Include="Source\Whip.h">
      <Filter>MyGame</Filter>
    </ClInclude>
    <ClInclude Include="Source\Timer.h">
      <Filter>MyGame</Filter>
    </ClInclude>
    <ClInclude Include="Source\ExpBar.h">
      <Filter>MyGame</Filter>
    </ClInclude>
  </ItemGroup>
  <ItemGroup>
    <ResourceCompile Include="Source\game.rc">
      <Filter>MFC</Filter>
    </ResourceCompile>
  </ItemGroup>
  <ItemGroup>
    <Image Include="res\bitmap3.bmp">
      <Filter>Resource Files</Filter>
    </Image>
    <Image Include="RES\bmp_demo.bmp">
      <Filter>Resource Files</Filter>
    </Image>
    <Image Include="RES\character.bmp">
      <Filter>Resource Files</Filter>
    </Image>
    <Image Include="res\bmp00001.bmp">
      <Filter>Resource Files</Filter>
    </Image>
    <Image Include="res\bitmap4.bmp">
      <Filter>Resource Files</Filter>
    </Image>
    <Image Include="RES\background.bmp">
      <Filter>Resource Files</Filter>
    </Image>
    <Image Include="..\..\game4.10\RES\bmp_demo.bmp">
      <Filter>Resource Files</Filter>
    </Image>
    <Image Include="..\..\game4.10\RES\character.bmp">
      <Filter>Resource Files</Filter>
    </Image>
    <Image Include="res\bmp00002.bmp">
      <Filter>Resource Files</Filter>
    </Image>
    <Image Include="RES\start.bmp">
      <Filter>Resource Files</Filter>
    </Image>
    <Image Include="RES\game_background.bmp">
      <Filter>Resource Files</Filter>
    </Image>
    <Image Include="RES\Characters\Anthony\anthony_2.bmp">
      <Filter>Resource Files</Filter>
    </Image>
    <Image Include="RES\Characters\Anthony\anthony_3.bmp">
      <Filter>Resource Files</Filter>
    </Image>
    <Image Include="RES\Characters\Anthony\anthony_1.bmp">
      <Filter>Resource Files</Filter>
    </Image>
    <Image Include="RES\over_background.bmp">
      <Filter>Resource Files</Filter>
    </Image>
    <Image Include="RES\Characters\Anthony\anthony_4.bmp">
      <Filter>Resource Files</Filter>
    </Image>
    <Image Include="RES\select.bmp">
      <Filter>Resource Files</Filter>
    </Image>
    <Image Include="RES\Enemies\Bat\bat1.bmp">
      <Filter>Resource Files</Filter>
    </Image>
    <Image Include="RES\Enemies\Bat\bat1r.bmp">
      <Filter>Resource Files</Filter>
    </Image>
    <Image Include="res\bitmap10.bmp">
      <Filter>Resource Files</Filter>
    </Image>
    <Image Include="res\bitmap12.bmp">
      <Filter>Resource Files</Filter>
    </Image>
    <Image Include="RES\blood.bmp">
      <Filter>Resource Files</Filter>
    </Image>
    <Image Include="RES\Skill\Whips\whip_1_2.bmp">
      <Filter>Resource Files</Filter>
    </Image>
    <Image Include="RES\Skill\Whips\level1\whip_1_B.bmp">
      <Filter>Resource Files</Filter>
    </Image>
    <Image Include="RES\Skill\Whips\level1\whip_1_1.bmp">
      <Filter>Resource Files</Filter>
    </Image>
    <Image Include="RES\Skill\Whips\level1\whip_1_2.bmp">
      <Filter>Resource Files</Filter>
    </Image>
    <Image Include="RES\Skill\Whips\level2\Lwhip_2_1.bmp">
      <Filter>Resource Files</Filter>
    </Image>
    <Image Include="RES\Skill\Whips\level2\Lwhip_2_2.bmp">
      <Filter>Resource Files</Filter>
    </Image>
    <Image Include="RES\Skill\Whips\level2\Rwhip_2_1.bmp">
      <Filter>Resource Files</Filter>
    </Image>
    <Image Include="RES\Skill\Whips\level2\Rwhip_2_2.bmp">
      <Filter>Resource Files</Filter>
    </Image>
    <Image Include="RES\Skill\Whips\level2\whip_2_B.bmp">
      <Filter>Resource Files</Filter>
    </Image>
    <Image Include="RES\gray_blood.bmp">
      <Filter>Resource Files</Filter>
    </Image>
    <Image Include="res\bitmap16.bmp">
      <Filter>Resource Files</Filter>
    </Image>
    <Image Include="RES\Skill\Whips\3\Lwhip_3_1.bmp">
      <Filter>Resource Files</Filter>
    </Image>
    <Image Include="RES\Skill\Whips\3\Lwhip_3_2.bmp">
      <Filter>Resource Files</Filter>
    </Image>
    <Image Include="RES\Skill\Whips\3\Lwhip_3_3.bmp">
      <Filter>Resource Files</Filter>
    </Image>
    <Image Include="RES\Skill\Whips\3\Rwhip_3_1.bmp">
      <Filter>Resource Files</Filter>
    </Image>
    <Image Include="RES\Skill\Whips\3\Rwhip_3_2.bmp">
      <Filter>Resource Files</Filter>
    </Image>
    <Image Include="RES\Skill\Whips\3\Rwhip_3_3.bmp">
      <Filter>Resource Files</Filter>
    </Image>
    <Image Include="RES\Skill\Whips\4\Lwhip_4_1.bmp">
      <Filter>Resource Files</Filter>
    </Image>
    <Image Include="RES\Skill\Whips\4\Lwhip_4_2.bmp">
      <Filter>Resource Files</Filter>
    </Image>
    <Image Include="RES\Skill\Whips\4\Lwhip_4_3.bmp">
      <Filter>Resource Files</Filter>
    </Image>
    <Image Include="RES\Skill\Whips\4\Lwhip_4_4.bmp">
      <Filter>Resource Files</Filter>
    </Image>
    <Image Include="RES\Skill\Whips\4\Rwhip_4_1.bmp">
      <Filter>Resource Files</Filter>
    </Image>
    <Image Include="RES\Skill\Whips\4\Rwhip_4_2.bmp">
      <Filter>Resource Files</Filter>
    </Image>
    <Image Include="RES\Skill\Whips\4\Rwhip_4_3.bmp">
      <Filter>Resource Files</Filter>
    </Image>
    <Image Include="RES\Skill\Whips\4\Rwhip_4_4.bmp">
      <Filter>Resource Files</Filter>
    </Image>
    <Image Include="RES\Skill\Whips\1\whip_1_1.bmp">
      <Filter>Resource Files</Filter>
    </Image>
    <Image Include="RES\Skill\Whips\1\whip_1_B.bmp">
      <Filter>Resource Files</Filter>
    </Image>
    <Image Include="RES\Skill\Whips\1\whip_1_2.bmp">
      <Filter>Resource Files</Filter>
    </Image>
    <Image Include="RES\Skill\Whips\2\Lwhip_2_1.bmp">
      <Filter>Resource Files</Filter>
    </Image>
    <Image Include="RES\Skill\Whips\2\Lwhip_2_2.bmp">
      <Filter>Resource Files</Filter>
    </Image>
    <Image Include="RES\Skill\Whips\2\Rwhip_2_1.bmp">
      <Filter>Resource Files</Filter>
    </Image>
    <Image Include="RES\Skill\Whips\2\Rwhip_2_2.bmp">
      <Filter>Resource Files</Filter>
    </Image>
    <Image Include="RES\Skill\Whips\5\Lwhip_5_5.bmp">
      <Filter>Resource Files</Filter>
    </Image>
    <Image Include="RES\Skill\Whips\5\Rwhip_5_5.bmp">
      <Filter>Resource Files</Filter>
    </Image>
    <Image Include="RES\Timer\0.bmp">
      <Filter>Resource Files</Filter>
    </Image>
    <Image Include="RES\Timer\1.bmp">
      <Filter>Resource Files</Filter>
    </Image>
    <Image Include="RES\Timer\2.bmp">
      <Filter>Resource Files</Filter>
    </Image>
    <Image Include="RES\Timer\3.bmp">
      <Filter>Resource Files</Filter>
    </Image>
    <Image Include="RES\Timer\4.bmp">
      <Filter>Resource Files</Filter>
    </Image>
    <Image Include="RES\Timer\5.bmp">
      <Filter>Resource Files</Filter>
    </Image>
    <Image Include="RES\Timer\6.bmp">
      <Filter>Resource Files</Filter>
    </Image>
    <Image Include="RES\Timer\7.bmp">
      <Filter>Resource Files</Filter>
    </Image>
    <Image Include="RES\Timer\8.bmp">
      <Filter>Resource Files</Filter>
    </Image>
    <Image Include="RES\Timer\9.bmp">
      <Filter>Resource Files</Filter>
    </Image>
    <Image Include="RES\Timer\dot.bmp">
      <Filter>Resource Files</Filter>
    </Image>
    <Image Include="RES\Enemies\exp\exp2.bmp">
      <Filter>Resource Files</Filter>
    </Image>
    <Image Include="RES\Enemies\exp\exp.bmp">
      <Filter>Resource Files</Filter>
    </Image>
    <Image Include="RES\EXP\expBar_bg.bmp">
      <Filter>Resource Files</Filter>
    </Image>
    <Image Include="RES\EXP\expBar_exp.bmp">
      <Filter>Resource Files</Filter>
    </Image>
    <Image Include="RES\favicon.ico">
      <Filter>Resource Files</Filter>
    </Image>
    <Image Include="RES\Start\AboutUs.bmp">
      <Filter>Resource Files</Filter>
    </Image>
    <Image Include="RES\Start\btn_howToPlay.bmp">
      <Filter>Resource Files</Filter>
    </Image>
    <Image Include="RES\Start\btn_start.bmp">
      <Filter>Resource Files</Filter>
    </Image>
    <Image Include="RES\Start\AboutView.bmp">
      <Filter>Resource Files</Filter>
    </Image>
    <Image Include="RES\Start\howtoplay.bmp">
      <Filter>Resource Files</Filter>
    </Image>
    <Image Include="RES\Over\OverBG.bmp">
      <Filter>Resource Files</Filter>
    </Image>
    <Image Include="RES\Over\done.bmp">
      <Filter>Resource Files</Filter>
    </Image>
    <Image Include="RES\Over\result.bmp">
      <Filter>Resource Files</Filter>
    </Image>
    <Image Include="RES\Characters\Anthony\anthony_1.0.bmp">
      <Filter>Resource Files</Filter>
    </Image>
    <Image Include="RES\Characters\Anthony\anthony_1.1.bmp">
      <Filter>Resource Files</Filter>
    </Image>
    <Image Include="RES\Characters\Anthony\anthony_1.2.bmp">
      <Filter>Resource Files</Filter>
    </Image>
    <Image Include="RES\Characters\Anthony\anthony_1.3.bmp">
      <Filter>Resource Files</Filter>
    </Image>
    <Image Include="RES\Characters\Anthony\anthony_2.0.bmp">
      <Filter>Resource Files</Filter>
    </Image>
    <Image Include="RES\Characters\Anthony\anthony_2.1.bmp">
      <Filter>Resource Files</Filter>
    </Image>
    <Image Include="RES\Characters\Anthony\anthony_2.2.bmp">
      <Filter>Resource Files</Filter>
    </Image>
    <Image Include="RES\Characters\Anthony\anthony_2.3.bmp">
      <Filter>Resource Files</Filter>
    </Image>
    <Image Include="RES\Death\deathBG.bmp">
      <Filter>Resource Files</Filter>
    </Image>
    <Image Include="RES\Death\gameOver.bmp">
      <Filter>Resource Files</Filter>
    </Image>
    <Image Include="RES\Death\stageComplete.bmp">
      <Filter>Resource Files</Filter>
    </Image>
    <Image Include="RES\Death\endBtn.bmp">
      <Filter>Resource Files</Filter>
    </Image>
  </ItemGroup>
</Project>